
Microsoft Visual Studio Solution File, Format Version 12.00
# Visual Studio Version 17
VisualStudioVersion = 17.10.35027.167
MinimumVisualStudioVersion = 10.0.40219.1
Project("{FAE04EC0-301F-11D3-BF4B-00C04F79EFBC}") = "TrafficLight", "TrafficLight\TrafficLight.csproj", "{8235F72C-E513-4F6A-9C29-8150545C99D7}"
EndProject
Global
	GlobalSection(SolutionConfigurationPlatforms) = preSolution
		Debug|Any CPU = Debug|Any CPU
		Release|Any CPU = Release|Any CPU
	EndGlobalSection
	GlobalSection(ProjectConfigurationPlatforms) = postSolution
		{8235F72C-E513-4F6A-9C29-8150545C99D7}.Debug|Any CPU.ActiveCfg = Debug|Any CPU
		{8235F72C-E513-4F6A-9C29-8150545C99D7}.Debug|Any CPU.Build.0 = Debug|Any CPU
		{8235F72C-E513-4F6A-9C29-8150545C99D7}.Release|Any CPU.ActiveCfg = Release|Any CPU
		{8235F72C-E513-4F6A-9C29-8150545C99D7}.Release|Any CPU.Build.0 = Release|Any CPU
	EndGlobalSection
	GlobalSection(SolutionProperties) = preSolution
		HideSolutionNode = FALSE
	EndGlobalSection
	GlobalSection(ExtensibilityGlobals) = postSolution
		SolutionGuid = {1EE7F114-9EF3-42D1-8175-9050238DC792}
	EndGlobalSection
EndGlobal
